// !$*UTF8*$!
{
	archiveVersion = 1;
	classes = {
	};
	objectVersion = 50;
	objects = {

/* Begin PBXBuildFile section */
		13DDF647917FF706DD734C20 /* Pods_buildazure.framework in Frameworks */ = {isa = PBXBuildFile; fileRef = AA4C56E72A0D721BEDAB88D0 /* Pods_buildazure.framework */; };
		243102AE246F182100AE41DE /* AppDelegate.swift in Sources */ = {isa = PBXBuildFile; fileRef = 243102AD246F182000AE41DE /* AppDelegate.swift */; };
		243102B0246F182100AE41DE /* ViewController.swift in Sources */ = {isa = PBXBuildFile; fileRef = 243102AF246F182100AE41DE /* ViewController.swift */; };
		243102B3246F182100AE41DE /* Main.storyboard in Resources */ = {isa = PBXBuildFile; fileRef = 243102B1246F182100AE41DE /* Main.storyboard */; };
		243102B5246F183600AE41DE /* Assets.xcassets in Resources */ = {isa = PBXBuildFile; fileRef = 243102B4246F183600AE41DE /* Assets.xcassets */; };
		243102B8246F183600AE41DE /* LaunchScreen.storyboard in Resources */ = {isa = PBXBuildFile; fileRef = 243102B6246F183600AE41DE /* LaunchScreen.storyboard */; };
/* End PBXBuildFile section */

/* Begin PBXFileReference section */
		243102AA246F182000AE41DE /* buildazure.app */ = {isa = PBXFileReference; explicitFileType = wrapper.application; includeInIndex = 0; path = buildazure.app; sourceTree = BUILT_PRODUCTS_DIR; };
		243102AD246F182000AE41DE /* AppDelegate.swift */ = {isa = PBXFileReference; lastKnownFileType = sourcecode.swift; path = AppDelegate.swift; sourceTree = "<group>"; };
		243102AF246F182100AE41DE /* ViewController.swift */ = {isa = PBXFileReference; lastKnownFileType = sourcecode.swift; path = ViewController.swift; sourceTree = "<group>"; };
		243102B2246F182100AE41DE /* Base */ = {isa = PBXFileReference; lastKnownFileType = file.storyboard; name = Base; path = Base.lproj/Main.storyboard; sourceTree = "<group>"; };
		243102B4246F183600AE41DE /* Assets.xcassets */ = {isa = PBXFileReference; lastKnownFileType = folder.assetcatalog; path = Assets.xcassets; sourceTree = "<group>"; };
		243102B7246F183600AE41DE /* Base */ = {isa = PBXFileReference; lastKnownFileType = file.storyboard; name = Base; path = Base.lproj/LaunchScreen.storyboard; sourceTree = "<group>"; };
		243102B9246F183600AE41DE /* Info.plist */ = {isa = PBXFileReference; lastKnownFileType = text.plist.xml; path = Info.plist; sourceTree = "<group>"; };
		91037BCCC2BB198679F7C810 /* Pods-buildazure.debug.xcconfig */ = {isa = PBXFileReference; includeInIndex = 1; lastKnownFileType = text.xcconfig; name = "Pods-buildazure.debug.xcconfig"; path = "Target Support Files/Pods-buildazure/Pods-buildazure.debug.xcconfig"; sourceTree = "<group>"; };
		AA4C56E72A0D721BEDAB88D0 /* Pods_buildazure.framework */ = {isa = PBXFileReference; explicitFileType = wrapper.framework; includeInIndex = 0; path = Pods_buildazure.framework; sourceTree = BUILT_PRODUCTS_DIR; };
		EF9FE7192385EF81CBA0ED49 /* Pods-buildazure.release.xcconfig */ = {isa = PBXFileReference; includeInIndex = 1; lastKnownFileType = text.xcconfig; name = "Pods-buildazure.release.xcconfig"; path = "Target Support Files/Pods-buildazure/Pods-buildazure.release.xcconfig"; sourceTree = "<group>"; };
/* End PBXFileReference section */

/* Begin PBXFrameworksBuildPhase section */
		243102A7246F182000AE41DE /* Frameworks */ = {
			isa = PBXFrameworksBuildPhase;
			buildActionMask = 2147483647;
			files = (
				13DDF647917FF706DD734C20 /* Pods_buildazure.framework in Frameworks */,
			);
			runOnlyForDeploymentPostprocessing = 0;
		};
/* End PBXFrameworksBuildPhase section */

/* Begin PBXGroup section */
		243102A1246F182000AE41DE = {
			isa = PBXGroup;
			children = (
				243102AC246F182000AE41DE /* buildazure */,
				243102AB246F182000AE41DE /* Products */,
				3F014D9EED5CD7A47ECC5B06 /* Pods */,
				5D3742FFB6D2AA6473F15F7D /* Frameworks */,
			);
			sourceTree = "<group>";
		};
		243102AB246F182000AE41DE /* Products */ = {
			isa = PBXGroup;
			children = (
				243102AA246F182000AE41DE /* buildazure.app */,
			);
			name = Products;
			sourceTree = "<group>";
		};
		243102AC246F182000AE41DE /* buildazure */ = {
			isa = PBXGroup;
			children = (
				243102AD246F182000AE41DE /* AppDelegate.swift */,
				243102AF246F182100AE41DE /* ViewController.swift */,
				243102B1246F182100AE41DE /* Main.storyboard */,
				243102B4246F183600AE41DE /* Assets.xcassets */,
				243102B6246F183600AE41DE /* LaunchScreen.storyboard */,
				243102B9246F183600AE41DE /* Info.plist */,
			);
			path = buildazure;
			sourceTree = "<group>";
		};
		3F014D9EED5CD7A47ECC5B06 /* Pods */ = {
			isa = PBXGroup;
			children = (
				91037BCCC2BB198679F7C810 /* Pods-buildazure.debug.xcconfig */,
				EF9FE7192385EF81CBA0ED49 /* Pods-buildazure.release.xcconfig */,
			);
			name = Pods;
			path = Pods;
			sourceTree = "<group>";
		};
		5D3742FFB6D2AA6473F15F7D /* Frameworks */ = {
			isa = PBXGroup;
			children = (
				AA4C56E72A0D721BEDAB88D0 /* Pods_buildazure.framework */,
			);
			name = Frameworks;
			sourceTree = "<group>";
		};
/* End PBXGroup section */

/* Begin PBXNativeTarget section */
		243102A9246F182000AE41DE /* buildazure */ = {
			isa = PBXNativeTarget;
			buildConfigurationList = 243102BC246F183600AE41DE /* Build configuration list for PBXNativeTarget "buildazure" */;
			buildPhases = (
				7DE725098A777F37D415B4CE /* [CP] Check Pods Manifest.lock */,
				243102A6246F182000AE41DE /* Sources */,
				243102A7246F182000AE41DE /* Frameworks */,
				243102A8246F182000AE41DE /* Resources */,
			);
			buildRules = (
			);
			dependencies = (
			);
			name = buildazure;
			productName = buildazure;
			productReference = 243102AA246F182000AE41DE /* buildazure.app */;
			productType = "com.apple.product-type.application";
		};
/* End PBXNativeTarget section */

/* Begin PBXProject section */
		243102A2246F182000AE41DE /* Project object */ = {
			isa = PBXProject;
			attributes = {
				LastSwiftUpdateCheck = 1010;
				LastUpgradeCheck = 1010;
				ORGANIZATIONNAME = "Ricardo Moura";
				TargetAttributes = {
					243102A9246F182000AE41DE = {
						CreatedOnToolsVersion = 10.1;
					};
				};
			};
			buildConfigurationList = 243102A5246F182000AE41DE /* Build configuration list for PBXProject "buildazure" */;
			compatibilityVersion = "Xcode 9.3";
			developmentRegion = en;
			hasScannedForEncodings = 0;
			knownRegions = (
				en,
				Base,
			);
			mainGroup = 243102A1246F182000AE41DE;
			productRefGroup = 243102AB246F182000AE41DE /* Products */;
			projectDirPath = "";
			projectRoot = "";
			targets = (
				243102A9246F182000AE41DE /* buildazure */,
			);
		};
/* End PBXProject section */

/* Begin PBXResourcesBuildPhase section */
		243102A8246F182000AE41DE /* Resources */ = {
			isa = PBXResourcesBuildPhase;
			buildActionMask = 2147483647;
			files = (
				243102B8246F183600AE41DE /* LaunchScreen.storyboard in Resources */,
				243102B5246F183600AE41DE /* Assets.xcassets in Resources */,
				243102B3246F182100AE41DE /* Main.storyboard in Resources */,
			);
			runOnlyForDeploymentPostprocessing = 0;
		};
/* End PBXResourcesBuildPhase section */

/* Begin PBXShellScriptBuildPhase section */
		7DE725098A777F37D415B4CE /* [CP] Check Pods Manifest.lock */ = {
			isa = PBXShellScriptBuildPhase;
			buildActionMask = 2147483647;
			files = (
			);
			inputFileListPaths = (
			);
			inputPaths = (
				"${PODS_PODFILE_DIR_PATH}/Podfile.lock",
				"${PODS_ROOT}/Manifest.lock",
			);
			name = "[CP] Check Pods Manifest.lock";
			outputFileListPaths = (
			);
			outputPaths = (
				"$(DERIVED_FILE_DIR)/Pods-buildazure-checkManifestLockResult.txt",
			);
			runOnlyForDeploymentPostprocessing = 0;
			shellPath = /bin/sh;
			shellScript = "diff \"${PODS_PODFILE_DIR_PATH}/Podfile.lock\" \"${PODS_ROOT}/Manifest.lock\" > /dev/null\nif [ $? != 0 ] ; then\n    # print error to STDERR\n    echo \"error: The sandbox is not in sync with the Podfile.lock. Run 'pod install' or update your CocoaPods installation.\" >&2\n    exit 1\nfi\n# This output is used by Xcode 'outputs' to avoid re-running this script phase.\necho \"SUCCESS\" > \"${SCRIPT_OUTPUT_FILE_0}\"\n";
			showEnvVarsInLog = 0;
		};
/* End PBXShellScriptBuildPhase section */

/* Begin PBXSourcesBuildPhase section */
		243102A6246F182000AE41DE /* Sources */ = {
			isa = PBXSourcesBuildPhase;
			buildActionMask = 2147483647;
			files = (
				243102B0246F182100AE41DE /* ViewController.swift in Sources */,
				243102AE246F182100AE41DE /* AppDelegate.swift in Sources */,
			);
			runOnlyForDeploymentPostprocessing = 0;
		};
/* End PBXSourcesBuildPhase section */

/* Begin PBXVariantGroup section */
		243102B1246F182100AE41DE /* Main.storyboard */ = {
			isa = PBXVariantGroup;
			children = (
				243102B2246F182100AE41DE /* Base */,
			);
			name = Main.storyboard;
			sourceTree = "<group>";
		};
		243102B6246F183600AE41DE /* LaunchScreen.storyboard */ = {
			isa = PBXVariantGroup;
			children = (
				243102B7246F183600AE41DE /* Base */,
			);
			name = LaunchScreen.storyboard;
			sourceTree = "<group>";
		};
/* End PBXVariantGroup section */

/* Begin XCBuildConfiguration section */
		243102BA246F183600AE41DE /* Debug */ = {
			isa = XCBuildConfiguration;
			buildSettings = {
				ALWAYS_SEARCH_USER_PATHS = NO;
				CLANG_ANALYZER_NONNULL = YES;
				CLANG_ANALYZER_NUMBER_OBJECT_CONVERSION = YES_AGGRESSIVE;
				CLANG_CXX_LANGUAGE_STANDARD = "gnu++14";
				CLANG_CXX_LIBRARY = "libc++";
				CLANG_ENABLE_MODULES = YES;
				CLANG_ENABLE_OBJC_ARC = YES;
				CLANG_ENABLE_OBJC_WEAK = YES;
				CLANG_WARN_BLOCK_CAPTURE_AUTORELEASING = YES;
				CLANG_WARN_BOOL_CONVERSION = YES;
				CLANG_WARN_COMMA = YES;
				CLANG_WARN_CONSTANT_CONVERSION = YES;
				CLANG_WARN_DEPRECATED_OBJC_IMPLEMENTATIONS = YES;
				CLANG_WARN_DIRECT_OBJC_ISA_USAGE = YES_ERROR;
				CLANG_WARN_DOCUMENTATION_COMMENTS = YES;
				CLANG_WARN_EMPTY_BODY = YES;
				CLANG_WARN_ENUM_CONVERSION = YES;
				CLANG_WARN_INFINITE_RECURSION = YES;
				CLANG_WARN_INT_CONVERSION = YES;
				CLANG_WARN_NON_LITERAL_NULL_CONVERSION = YES;
				CLANG_WARN_OBJC_IMPLICIT_RETAIN_SELF = YES;
				CLANG_WARN_OBJC_LITERAL_CONVERSION = YES;
				CLANG_WARN_OBJC_ROOT_CLASS = YES_ERROR;
				CLANG_WARN_RANGE_LOOP_ANALYSIS = YES;
				CLANG_WARN_STRICT_PROTOTYPES = YES;
				CLANG_WARN_SUSPICIOUS_MOVE = YES;
				CLANG_WARN_UNGUARDED_AVAILABILITY = YES_AGGRESSIVE;
				CLANG_WARN_UNREACHABLE_CODE = YES;
				CLANG_WARN__DUPLICATE_METHOD_MATCH = YES;
				CODE_SIGN_IDENTITY = "iPhone Developer";
				COPY_PHASE_STRIP = NO;
				DEBUG_INFORMATION_FORMAT = dwarf;
				ENABLE_STRICT_OBJC_MSGSEND = YES;
				ENABLE_TESTABILITY = YES;
				GCC_C_LANGUAGE_STANDARD = gnu11;
				GCC_DYNAMIC_NO_PIC = NO;
				GCC_NO_COMMON_BLOCKS = YES;
				GCC_OPTIMIZATION_LEVEL = 0;
				GCC_PREPROCESSOR_DEFINITIONS = (
					"DEBUG=1",
					"$(inherited)",
				);
				GCC_WARN_64_TO_32_BIT_CONVERSION = YES;
				GCC_WARN_ABOUT_RETURN_TYPE = YES_ERROR;
				GCC_WARN_UNDECLARED_SELECTOR = YES;
				GCC_WARN_UNINITIALIZED_AUTOS = YES_AGGRESSIVE;
				GCC_WARN_UNUSED_FUNCTION = YES;
				GCC_WARN_UNUSED_VARIABLE = YES;
				IPHONEOS_DEPLOYMENT_TARGET = 12.1;
				MTL_ENABLE_DEBUG_INFO = INCLUDE_SOURCE;
				MTL_FAST_MATH = YES;
				ONLY_ACTIVE_ARCH = YES;
				SDKROOT = iphoneos;
				SWIFT_ACTIVE_COMPILATION_CONDITIONS = DEBUG;
				SWIFT_OPTIMIZATION_LEVEL = "-Onone";
			};
			name = Debug;
		};
		243102BB246F183600AE41DE /* Release */ = {
			isa = XCBuildConfiguration;
			buildSettings = {
				ALWAYS_SEARCH_USER_PATHS = NO;
				CLANG_ANALYZER_NONNULL = YES;
				CLANG_ANALYZER_NUMBER_OBJECT_CONVERSION = YES_AGGRESSIVE;
				CLANG_CXX_LANGUAGE_STANDARD = "gnu++14";
				CLANG_CXX_LIBRARY = "libc++";
				CLANG_ENABLE_MODULES = YES;
				CLANG_ENABLE_OBJC_ARC = YES;
				CLANG_ENABLE_OBJC_WEAK = YES;
				CLANG_WARN_BLOCK_CAPTURE_AUTORELEASING = YES;
				CLANG_WARN_BOOL_CONVERSION = YES;
				CLANG_WARN_COMMA = YES;
				CLANG_WARN_CONSTANT_CONVERSION = YES;
				CLANG_WARN_DEPRECATED_OBJC_IMPLEMENTATIONS = YES;
				CLANG_WARN_DIRECT_OBJC_ISA_USAGE = YES_ERROR;
				CLANG_WARN_DOCUMENTATION_COMMENTS = YES;
				CLANG_WARN_EMPTY_BODY = YES;
				CLANG_WARN_ENUM_CONVERSION = YES;
				CLANG_WARN_INFINITE_RECURSION = YES;
				CLANG_WARN_INT_CONVERSION = YES;
				CLANG_WARN_NON_LITERAL_NULL_CONVERSION = YES;
				CLANG_WARN_OBJC_IMPLICIT_RETAIN_SELF = YES;
				CLANG_WARN_OBJC_LITERAL_CONVERSION = YES;
				CLANG_WARN_OBJC_ROOT_CLASS = YES_ERROR;
				CLANG_WARN_RANGE_LOOP_ANALYSIS = YES;
				CLANG_WARN_STRICT_PROTOTYPES = YES;
				CLANG_WARN_SUSPICIOUS_MOVE = YES;
				CLANG_WARN_UNGUARDED_AVAILABILITY = YES_AGGRESSIVE;
				CLANG_WARN_UNREACHABLE_CODE = YES;
				CLANG_WARN__DUPLICATE_METHOD_MATCH = YES;
				CODE_SIGN_IDENTITY = "iPhone Developer";
				COPY_PHASE_STRIP = NO;
				DEBUG_INFORMATION_FORMAT = "dwarf-with-dsym";
				ENABLE_NS_ASSERTIONS = NO;
				ENABLE_STRICT_OBJC_MSGSEND = YES;
				GCC_C_LANGUAGE_STANDARD = gnu11;
				GCC_NO_COMMON_BLOCKS = YES;
				GCC_WARN_64_TO_32_BIT_CONVERSION = YES;
				GCC_WARN_ABOUT_RETURN_TYPE = YES_ERROR;
				GCC_WARN_UNDECLARED_SELECTOR = YES;
				GCC_WARN_UNINITIALIZED_AUTOS = YES_AGGRESSIVE;
				GCC_WARN_UNUSED_FUNCTION = YES;
				GCC_WARN_UNUSED_VARIABLE = YES;
				IPHONEOS_DEPLOYMENT_TARGET = 12.1;
				MTL_ENABLE_DEBUG_INFO = NO;
				MTL_FAST_MATH = YES;
				SDKROOT = iphoneos;
				SWIFT_COMPILATION_MODE = wholemodule;
				SWIFT_OPTIMIZATION_LEVEL = "-O";
				VALIDATE_PRODUCT = YES;
			};
			name = Release;
		};
		243102BD246F183600AE41DE /* Debug */ = {
			isa = XCBuildConfiguration;
			baseConfigurationReference = 91037BCCC2BB198679F7C810 /* Pods-buildazure.debug.xcconfig */;
			buildSettings = {
				ASSETCATALOG_COMPILER_APPICON_NAME = AppIcon;
				CODE_SIGN_STYLE = Automatic;
				DEVELOPMENT_TEAM = N33F4DJ4XA;
				INFOPLIST_FILE = buildazure/Info.plist;
				LD_RUNPATH_SEARCH_PATHS = (
					"$(inherited)",
					"@executable_path/Frameworks",
				);
				PRODUCT_BUNDLE_IDENTIFIER = br.com.petrobras.teste.buildazure;
				PRODUCT_NAME = "$(TARGET_NAME)";
				SWIFT_VERSION = 4.2;
				TARGETED_DEVICE_FAMILY = "1,2";
			};
			name = Debug;
		};
		243102BE246F183600AE41DE /* Release */ = {
			isa = XCBuildConfiguration;
			baseConfigurationReference = EF9FE7192385EF81CBA0ED49 /* Pods-buildazure.release.xcconfig */;
			buildSettings = {
				ASSETCATALOG_COMPILER_APPICON_NAME = AppIcon;
				CODE_SIGN_STYLE = Automatic;
				DEVELOPMENT_TEAM = N33F4DJ4XA;
				INFOPLIST_FILE = buildazure/Info.plist;
				LD_RUNPATH_SEARCH_PATHS = (
					"$(inherited)",
					"@executable_path/Frameworks",
				);
				PRODUCT_BUNDLE_IDENTIFIER = br.com.petrobras.teste.buildazure;
				PRODUCT_NAME = "$(TARGET_NAME)";
				SWIFT_VERSION = 4.2;
				TARGETED_DEVICE_FAMILY = "1,2";
			};
			name = Release;
		};
/* End XCBuildConfiguration section */

/* Begin XCConfigurationList section */
		243102A5246F182000AE41DE /* Build configuration list for PBXProject "buildazure" */ = {
			isa = XCConfigurationList;
			buildConfigurations = (
				243102BA246F183600AE41DE /* Debug */,
				243102BB246F183600AE41DE /* Release */,
			);
			defaultConfigurationIsVisible = 0;
			defaultConfigurationName = Release;
		};
		243102BC246F183600AE41DE /* Build configuration list for PBXNativeTarget "buildazure" */ = {
			isa = XCConfigurationList;
			buildConfigurations = (
				243102BD246F183600AE41DE /* Debug */,
				243102BE246F183600AE41DE /* Release */,
			);
			defaultConfigurationIsVisible = 0;
			defaultConfigurationName = Release;
		};
/* End XCConfigurationList section */
	};
	rootObject = 243102A2246F182000AE41DE /* Project object */;
}
